
Microsoft Visual Studio Solution File, Format Version 12.00
# Visual Studio Version 17
VisualStudioVersion = 17.0.31903.59
MinimumVisualStudioVersion = 10.0.40219.1
Project("{9A19103F-16F7-4668-BE54-9A1E7A4F7556}") = "Selenium.App", "Selenium.App\Selenium.App.csproj", "{6D0B74DA-6145-428E-B4E5-26C6CD922D4B}"
EndProject
Project("{2150E333-8FDC-42A3-9474-1A3956D46DE8}") = "Libs", "Libs", "{77E46B78-91D1-460D-BB48-193CCB1FC19A}"
EndProject
Project("{2150E333-8FDC-42A3-9474-1A3956D46DE8}") = "POM", "POM", "{42302A1A-7DD9-4644-9EFC-6E9A85EB981E}"
EndProject
Project("{2150E333-8FDC-42A3-9474-1A3956D46DE8}") = "Tests", "Tests", "{C496CA52-4F95-436B-AD65-E324A339E441}"
EndProject
Project("{FAE04EC0-301F-11D3-BF4B-00C04F79EFBC}") = "SeleniumCore", "Libs\SeleniumCore\SeleniumCore.csproj", "{63AB65E5-9A66-4C58-94CD-19AEBA771D18}"
EndProject
Project("{FAE04EC0-301F-11D3-BF4B-00C04F79EFBC}") = "PrimeReactMap", "POM\PrimeReactMap\PrimeReactMap.csproj", "{7C83DC2C-1613-457B-AF95-96FF3242320B}"
EndProject
Project("{FAE04EC0-301F-11D3-BF4B-00C04F79EFBC}") = "Tests", "Tests\Tests\Tests.csproj", "{E205CA9B-0CD9-4691-B713-AF4CE6A3A08B}"
EndProject
Global
	GlobalSection(SolutionConfigurationPlatforms) = preSolution
		Debug|Any CPU = Debug|Any CPU
		Release|Any CPU = Release|Any CPU
	EndGlobalSection
	GlobalSection(ProjectConfigurationPlatforms) = postSolution
		{6D0B74DA-6145-428E-B4E5-26C6CD922D4B}.Debug|Any CPU.ActiveCfg = Debug|Any CPU
		{6D0B74DA-6145-428E-B4E5-26C6CD922D4B}.Debug|Any CPU.Build.0 = Debug|Any CPU
		{6D0B74DA-6145-428E-B4E5-26C6CD922D4B}.Release|Any CPU.ActiveCfg = Release|Any CPU
		{6D0B74DA-6145-428E-B4E5-26C6CD922D4B}.Release|Any CPU.Build.0 = Release|Any CPU
		{63AB65E5-9A66-4C58-94CD-19AEBA771D18}.Debug|Any CPU.ActiveCfg = Debug|Any CPU
		{63AB65E5-9A66-4C58-94CD-19AEBA771D18}.Debug|Any CPU.Build.0 = Debug|Any CPU
		{63AB65E5-9A66-4C58-94CD-19AEBA771D18}.Release|Any CPU.ActiveCfg = Release|Any CPU
		{63AB65E5-9A66-4C58-94CD-19AEBA771D18}.Release|Any CPU.Build.0 = Release|Any CPU
		{7C83DC2C-1613-457B-AF95-96FF3242320B}.Debug|Any CPU.ActiveCfg = Debug|Any CPU
		{7C83DC2C-1613-457B-AF95-96FF3242320B}.Debug|Any CPU.Build.0 = Debug|Any CPU
		{7C83DC2C-1613-457B-AF95-96FF3242320B}.Release|Any CPU.ActiveCfg = Release|Any CPU
		{7C83DC2C-1613-457B-AF95-96FF3242320B}.Release|Any CPU.Build.0 = Release|Any CPU
		{E205CA9B-0CD9-4691-B713-AF4CE6A3A08B}.Debug|Any CPU.ActiveCfg = Debug|Any CPU
		{E205CA9B-0CD9-4691-B713-AF4CE6A3A08B}.Debug|Any CPU.Build.0 = Debug|Any CPU
		{E205CA9B-0CD9-4691-B713-AF4CE6A3A08B}.Release|Any CPU.ActiveCfg = Release|Any CPU
		{E205CA9B-0CD9-4691-B713-AF4CE6A3A08B}.Release|Any CPU.Build.0 = Release|Any CPU
	EndGlobalSection
	GlobalSection(SolutionProperties) = preSolution
		HideSolutionNode = FALSE
	EndGlobalSection
	GlobalSection(NestedProjects) = preSolution
		{63AB65E5-9A66-4C58-94CD-19AEBA771D18} = {77E46B78-91D1-460D-BB48-193CCB1FC19A}
		{7C83DC2C-1613-457B-AF95-96FF3242320B} = {42302A1A-7DD9-4644-9EFC-6E9A85EB981E}
		{E205CA9B-0CD9-4691-B713-AF4CE6A3A08B} = {C496CA52-4F95-436B-AD65-E324A339E441}
	EndGlobalSection
	GlobalSection(ExtensibilityGlobals) = postSolution
		SolutionGuid = {CC4CC8CC-A4AC-4C55-89AC-52E617D5C989}
	EndGlobalSection
EndGlobal
